
Microsoft Visual Studio Solution File, Format Version 12.00
# Visual Studio Version 17
VisualStudioVersion = 17.4.33205.214
MinimumVisualStudioVersion = 10.0.40219.1
Project("{9A19103F-16F7-4668-BE54-9A1E7A4F7556}") = "FinishLine.Services", "FinishLine.Services\FinishLine.Services.csproj", "{EB53F651-4AE4-4B7D-9273-4E3C029AF710}"
EndProject
Project("{9A19103F-16F7-4668-BE54-9A1E7A4F7556}") = "FinishLine.Models", "FinishLine.Models\FinishLine.Models.csproj", "{D2418C64-B299-48D3-A0C6-21009782313D}"
EndProject
Project("{9A19103F-16F7-4668-BE54-9A1E7A4F7556}") = "FinishLine.Repositories", "FinishLine.Repositories\FinishLine.Repositories.csproj", "{5B3F7D43-74A5-420A-9A97-98B417A899B8}"
EndProject
Project("{FAE04EC0-301F-11D3-BF4B-00C04F79EFBC}") = "FinishLine.Api", "FinishLine.Api\FinishLine.Api.csproj", "{4387DC37-B3A9-4E1F-9A0A-3213708DE79D}"
EndProject
Global
	GlobalSection(SolutionConfigurationPlatforms) = preSolution
		Debug|Any CPU = Debug|Any CPU
		Release|Any CPU = Release|Any CPU
	EndGlobalSection
	GlobalSection(ProjectConfigurationPlatforms) = postSolution
		{EB53F651-4AE4-4B7D-9273-4E3C029AF710}.Debug|Any CPU.ActiveCfg = Debug|Any CPU
		{EB53F651-4AE4-4B7D-9273-4E3C029AF710}.Debug|Any CPU.Build.0 = Debug|Any CPU
		{EB53F651-4AE4-4B7D-9273-4E3C029AF710}.Release|Any CPU.ActiveCfg = Release|Any CPU
		{EB53F651-4AE4-4B7D-9273-4E3C029AF710}.Release|Any CPU.Build.0 = Release|Any CPU
		{D2418C64-B299-48D3-A0C6-21009782313D}.Debug|Any CPU.ActiveCfg = Debug|Any CPU
		{D2418C64-B299-48D3-A0C6-21009782313D}.Debug|Any CPU.Build.0 = Debug|Any CPU
		{D2418C64-B299-48D3-A0C6-21009782313D}.Release|Any CPU.ActiveCfg = Release|Any CPU
		{D2418C64-B299-48D3-A0C6-21009782313D}.Release|Any CPU.Build.0 = Release|Any CPU
		{5B3F7D43-74A5-420A-9A97-98B417A899B8}.Debug|Any CPU.ActiveCfg = Debug|Any CPU
		{5B3F7D43-74A5-420A-9A97-98B417A899B8}.Debug|Any CPU.Build.0 = Debug|Any CPU
		{5B3F7D43-74A5-420A-9A97-98B417A899B8}.Release|Any CPU.ActiveCfg = Release|Any CPU
		{5B3F7D43-74A5-420A-9A97-98B417A899B8}.Release|Any CPU.Build.0 = Release|Any CPU
		{4387DC37-B3A9-4E1F-9A0A-3213708DE79D}.Debug|Any CPU.ActiveCfg = Debug|Any CPU
		{4387DC37-B3A9-4E1F-9A0A-3213708DE79D}.Debug|Any CPU.Build.0 = Debug|Any CPU
		{4387DC37-B3A9-4E1F-9A0A-3213708DE79D}.Release|Any CPU.ActiveCfg = Release|Any CPU
		{4387DC37-B3A9-4E1F-9A0A-3213708DE79D}.Release|Any CPU.Build.0 = Release|Any CPU
	EndGlobalSection
	GlobalSection(SolutionProperties) = preSolution
		HideSolutionNode = FALSE
	EndGlobalSection
	GlobalSection(ExtensibilityGlobals) = postSolution
		SolutionGuid = {59C6C0C8-D41E-488B-9949-DA1D17268FBB}
	EndGlobalSection
EndGlobal
